
Microsoft Visual Studio Solution File, Format Version 12.00
# Visual Studio Version 16
VisualStudioVersion = 16.0.30907.101
MinimumVisualStudioVersion = 10.0.40219.1
Project("{FAE04EC0-301F-11D3-BF4B-00C04F79EFBC}") = "hiq-coding-test", "hiq-coding-test\hiq-coding-test.csproj", "{86ABD2E3-50F0-4439-AEB1-DCEBE1CDC277}"
EndProject
Global
	GlobalSection(SolutionConfigurationPlatforms) = preSolution
		Debug|Any CPU = Debug|Any CPU
		Release|Any CPU = Release|Any CPU
	EndGlobalSection
	GlobalSection(ProjectConfigurationPlatforms) = postSolution
		{86ABD2E3-50F0-4439-AEB1-DCEBE1CDC277}.Debug|Any CPU.ActiveCfg = Debug|Any CPU
		{86ABD2E3-50F0-4439-AEB1-DCEBE1CDC277}.Debug|Any CPU.Build.0 = Debug|Any CPU
		{86ABD2E3-50F0-4439-AEB1-DCEBE1CDC277}.Release|Any CPU.ActiveCfg = Release|Any CPU
		{86ABD2E3-50F0-4439-AEB1-DCEBE1CDC277}.Release|Any CPU.Build.0 = Release|Any CPU
	EndGlobalSection
	GlobalSection(SolutionProperties) = preSolution
		HideSolutionNode = FALSE
	EndGlobalSection
	GlobalSection(ExtensibilityGlobals) = postSolution
		SolutionGuid = {2A477DCA-D7BF-45B8-B3EB-EA14A87A3D42}
	EndGlobalSection
EndGlobal
